{
  "name": "corpation",
  "version": "1.0.0",
  "lockfileVersion": 1,
  "requires": true,
  "dependencies": {
    "cos-js-sdk-v5": {
      "version": "0.5.26",
      "resolved": "https://registry.npm.taobao.org/cos-js-sdk-v5/download/cos-js-sdk-v5-0.5.26.tgz",
      "integrity": "sha1-SUZ2LTU+CfuAouhEZqsNUjahZ84=",
      "requires": {
        "xmldom": "^0.1.27"
      }
    },
    "cos-wx-sdk-v5": {
      "version": "0.7.10",
      "resolved": "https://registry.npm.taobao.org/cos-wx-sdk-v5/download/cos-wx-sdk-v5-0.7.10.tgz",
      "integrity": "sha1-/srBpTPTvshs9UjGyPRDK1Dc4Gs=",
      "requires": {
        "xmldom": "^0.1.27"
      }
    },
    "tim-js-sdk": {
      "version": "2.7.0",
      "resolved": "https://registry.npm.taobao.org/tim-js-sdk/download/tim-js-sdk-2.7.0.tgz",
      "integrity": "sha1-xj5viTOrJd/Mud52omEbbHTB29w="
    },
    "tim-wx-sdk": {
      "version": "2.7.0",
      "resolved": "https://registry.npm.taobao.org/tim-wx-sdk/download/tim-wx-sdk-2.7.0.tgz",
      "integrity": "sha1-WcjL2WYX4whj+78gO3iPSPon9x0="
    },
    "xmldom": {
      "version": "0.1.31",
      "resolved": "https://registry.npm.taobao.org/xmldom/download/xmldom-0.1.31.tgz",
      "integrity": "sha1-t2yaG9nwqXN+WnLcNyMc84N14v8="
    }
  }
}
